// !$*UTF8*$!
{
	archiveVersion = 1;
	classes = {
	};
	objectVersion = 77;
	objects = {

/* Begin PBXBuildFile section */
		BD968B1E2D65D49B00C106BD /* Scratch.swift in Sources */ = {isa = PBXBuildFile; fileRef = BD968B1D2D65D49600C106BD /* Scratch.swift */; };
/* End PBXBuildFile section */

/* Begin PBXContainerItemProxy section */
		BD968AF12D65BAF400C106BD /* PBXContainerItemProxy */ = {
			isa = PBXContainerItemProxy;
			containerPortal = BD968AD62D65BAF300C106BD /* Project object */;
			proxyType = 1;
			remoteGlobalIDString = BD968ADD2D65BAF300C106BD;
			remoteInfo = SwiftMediaClient;
		};
		BD968AFB2D65BAF400C106BD /* PBXContainerItemProxy */ = {
			isa = PBXContainerItemProxy;
			containerPortal = BD968AD62D65BAF300C106BD /* Project object */;
			proxyType = 1;
			remoteGlobalIDString = BD968ADD2D65BAF300C106BD;
			remoteInfo = SwiftMediaClient;
		};
/* End PBXContainerItemProxy section */

/* Begin PBXFileReference section */
		BD968ADE2D65BAF300C106BD /* SwiftMediaClient.app */ = {isa = PBXFileReference; explicitFileType = wrapper.application; includeInIndex = 0; path = SwiftMediaClient.app; sourceTree = BUILT_PRODUCTS_DIR; };
		BD968AF02D65BAF400C106BD /* SwiftMediaClientTests.xctest */ = {isa = PBXFileReference; explicitFileType = wrapper.cfbundle; includeInIndex = 0; path = SwiftMediaClientTests.xctest; sourceTree = BUILT_PRODUCTS_DIR; };
		BD968AFA2D65BAF400C106BD /* SwiftMediaClientUITests.xctest */ = {isa = PBXFileReference; explicitFileType = wrapper.cfbundle; includeInIndex = 0; path = SwiftMediaClientUITests.xctest; sourceTree = BUILT_PRODUCTS_DIR; };
		BD968B1D2D65D49600C106BD /* Scratch.swift */ = {isa = PBXFileReference; lastKnownFileType = sourcecode.swift; path = Scratch.swift; sourceTree = "<group>"; };
/* End PBXFileReference section */

/* Begin PBXFileSystemSynchronizedBuildFileExceptionSet section */
		BD6FCFD32D695A2400A289C4 /* Exceptions for "SwiftMediaClient" folder in "SwiftMediaClient" target */ = {
			isa = PBXFileSystemSynchronizedBuildFileExceptionSet;
			platformFiltersByRelativePath = {
				Views/HomeView.swift = (ios, );
			};
			target = BD968ADD2D65BAF300C106BD /* SwiftMediaClient */;
		};
/* End PBXFileSystemSynchronizedBuildFileExceptionSet section */

/* Begin PBXFileSystemSynchronizedRootGroup section */
		BD968AE02D65BAF300C106BD /* SwiftMediaClient */ = {
			isa = PBXFileSystemSynchronizedRootGroup;
			exceptions = (
				BD6FCFD32D695A2400A289C4 /* Exceptions for "SwiftMediaClient" folder in "SwiftMediaClient" target */,
			);
			path = SwiftMediaClient;
			sourceTree = "<group>";
		};
		BD968AF32D65BAF400C106BD /* SwiftMediaClientTests */ = {
			isa = PBXFileSystemSynchronizedRootGroup;
			path = SwiftMediaClientTests;
			sourceTree = "<group>";
		};
		BD968AFD2D65BAF400C106BD /* SwiftMediaClientUITests */ = {
			isa = PBXFileSystemSynchronizedRootGroup;
			path = SwiftMediaClientUITests;
			sourceTree = "<group>";
		};
/* End PBXFileSystemSynchronizedRootGroup section */

/* Begin PBXFrameworksBuildPhase section */
		BD968ADB2D65BAF300C106BD /* Frameworks */ = {
			isa = PBXFrameworksBuildPhase;
			buildActionMask = 2147483647;
			files = (
			);
			runOnlyForDeploymentPostprocessing = 0;
		};
		BD968AED2D65BAF400C106BD /* Frameworks */ = {
			isa = PBXFrameworksBuildPhase;
			buildActionMask = 2147483647;
			files = (
			);
			runOnlyForDeploymentPostprocessing = 0;
		};
		BD968AF72D65BAF400C106BD /* Frameworks */ = {
			isa = PBXFrameworksBuildPhase;
			buildActionMask = 2147483647;
			files = (
			);
			runOnlyForDeploymentPostprocessing = 0;
		};
/* End PBXFrameworksBuildPhase section */

/* Begin PBXGroup section */
		BD968AD52D65BAF200C106BD = {
			isa = PBXGroup;
			children = (
				BD968AE02D65BAF300C106BD /* SwiftMediaClient */,
				BD968B1D2D65D49600C106BD /* Scratch.swift */,
				BD968AF32D65BAF400C106BD /* SwiftMediaClientTests */,
				BD968AFD2D65BAF400C106BD /* SwiftMediaClientUITests */,
				BD968ADF2D65BAF300C106BD /* Products */,
			);
			sourceTree = "<group>";
		};
		BD968ADF2D65BAF300C106BD /* Products */ = {
			isa = PBXGroup;
			children = (
				BD968ADE2D65BAF300C106BD /* SwiftMediaClient.app */,
				BD968AF02D65BAF400C106BD /* SwiftMediaClientTests.xctest */,
				BD968AFA2D65BAF400C106BD /* SwiftMediaClientUITests.xctest */,
			);
			name = Products;
			sourceTree = "<group>";
		};
/* End PBXGroup section */

/* Begin PBXNativeTarget section */
		BD968ADD2D65BAF300C106BD /* SwiftMediaClient */ = {
			isa = PBXNativeTarget;
			buildConfigurationList = BD968B042D65BAF400C106BD /* Build configuration list for PBXNativeTarget "SwiftMediaClient" */;
			buildPhases = (
				BD968ADA2D65BAF300C106BD /* Sources */,
				BD968ADB2D65BAF300C106BD /* Frameworks */,
				BD968ADC2D65BAF300C106BD /* Resources */,
			);
			buildRules = (
			);
			dependencies = (
			);
			fileSystemSynchronizedGroups = (
				BD968AE02D65BAF300C106BD /* SwiftMediaClient */,
			);
			name = SwiftMediaClient;
			packageProductDependencies = (
			);
			productName = SwiftMediaClient;
			productReference = BD968ADE2D65BAF300C106BD /* SwiftMediaClient.app */;
			productType = "com.apple.product-type.application";
		};
		BD968AEF2D65BAF400C106BD /* SwiftMediaClientTests */ = {
			isa = PBXNativeTarget;
			buildConfigurationList = BD968B072D65BAF400C106BD /* Build configuration list for PBXNativeTarget "SwiftMediaClientTests" */;
			buildPhases = (
				BD968AEC2D65BAF400C106BD /* Sources */,
				BD968AED2D65BAF400C106BD /* Frameworks */,
				BD968AEE2D65BAF400C106BD /* Resources */,
			);
			buildRules = (
			);
			dependencies = (
				BD968AF22D65BAF400C106BD /* PBXTargetDependency */,
			);
			fileSystemSynchronizedGroups = (
				BD968AF32D65BAF400C106BD /* SwiftMediaClientTests */,
			);
			name = SwiftMediaClientTests;
			packageProductDependencies = (
			);
			productName = SwiftMediaClientTests;
			productReference = BD968AF02D65BAF400C106BD /* SwiftMediaClientTests.xctest */;
			productType = "com.apple.product-type.bundle.unit-test";
		};
		BD968AF92D65BAF400C106BD /* SwiftMediaClientUITests */ = {
			isa = PBXNativeTarget;
			buildConfigurationList = BD968B0A2D65BAF400C106BD /* Build configuration list for PBXNativeTarget "SwiftMediaClientUITests" */;
			buildPhases = (
				BD968AF62D65BAF400C106BD /* Sources */,
				BD968AF72D65BAF400C106BD /* Frameworks */,
				BD968AF82D65BAF400C106BD /* Resources */,
			);
			buildRules = (
			);
			dependencies = (
				BD968AFC2D65BAF400C106BD /* PBXTargetDependency */,
			);
			fileSystemSynchronizedGroups = (
				BD968AFD2D65BAF400C106BD /* SwiftMediaClientUITests */,
			);
			name = SwiftMediaClientUITests;
			packageProductDependencies = (
			);
			productName = SwiftMediaClientUITests;
			productReference = BD968AFA2D65BAF400C106BD /* SwiftMediaClientUITests.xctest */;
			productType = "com.apple.product-type.bundle.ui-testing";
		};
/* End PBXNativeTarget section */

/* Begin PBXProject section */
		BD968AD62D65BAF300C106BD /* Project object */ = {
			isa = PBXProject;
			attributes = {
				BuildIndependentTargetsInParallel = 1;
				LastSwiftUpdateCheck = 1620;
				LastUpgradeCheck = 1620;
				TargetAttributes = {
					BD968ADD2D65BAF300C106BD = {
						CreatedOnToolsVersion = 16.2;
					};
					BD968AEF2D65BAF400C106BD = {
						CreatedOnToolsVersion = 16.2;
						TestTargetID = BD968ADD2D65BAF300C106BD;
					};
					BD968AF92D65BAF400C106BD = {
						CreatedOnToolsVersion = 16.2;
						TestTargetID = BD968ADD2D65BAF300C106BD;
					};
				};
			};
			buildConfigurationList = BD968AD92D65BAF300C106BD /* Build configuration list for PBXProject "SwiftMediaClient" */;
			developmentRegion = en;
			hasScannedForEncodings = 0;
			knownRegions = (
				en,
				Base,
			);
			mainGroup = BD968AD52D65BAF200C106BD;
			minimizedProjectReferenceProxies = 1;
			preferredProjectObjectVersion = 77;
			productRefGroup = BD968ADF2D65BAF300C106BD /* Products */;
			projectDirPath = "";
			projectRoot = "";
			targets = (
				BD968ADD2D65BAF300C106BD /* SwiftMediaClient */,
				BD968AEF2D65BAF400C106BD /* SwiftMediaClientTests */,
				BD968AF92D65BAF400C106BD /* SwiftMediaClientUITests */,
			);
		};
/* End PBXProject section */

/* Begin PBXResourcesBuildPhase section */
		BD968ADC2D65BAF300C106BD /* Resources */ = {
			isa = PBXResourcesBuildPhase;
			buildActionMask = 2147483647;
			files = (
			);
			runOnlyForDeploymentPostprocessing = 0;
		};
		BD968AEE2D65BAF400C106BD /* Resources */ = {
			isa = PBXResourcesBuildPhase;
			buildActionMask = 2147483647;
			files = (
			);
			runOnlyForDeploymentPostprocessing = 0;
		};
		BD968AF82D65BAF400C106BD /* Resources */ = {
			isa = PBXResourcesBuildPhase;
			buildActionMask = 2147483647;
			files = (
			);
			runOnlyForDeploymentPostprocessing = 0;
		};
/* End PBXResourcesBuildPhase section */

/* Begin PBXSourcesBuildPhase section */
		BD968ADA2D65BAF300C106BD /* Sources */ = {
			isa = PBXSourcesBuildPhase;
			buildActionMask = 2147483647;
			files = (
				BD968B1E2D65D49B00C106BD /* Scratch.swift in Sources */,
			);
			runOnlyForDeploymentPostprocessing = 0;
		};
		BD968AEC2D65BAF400C106BD /* Sources */ = {
			isa = PBXSourcesBuildPhase;
			buildActionMask = 2147483647;
			files = (
			);
			runOnlyForDeploymentPostprocessing = 0;
		};
		BD968AF62D65BAF400C106BD /* Sources */ = {
			isa = PBXSourcesBuildPhase;
			buildActionMask = 2147483647;
			files = (
			);
			runOnlyForDeploymentPostprocessing = 0;
		};
/* End PBXSourcesBuildPhase section */

/* Begin PBXTargetDependency section */
		BD968AF22D65BAF400C106BD /* PBXTargetDependency */ = {
			isa = PBXTargetDependency;
			target = BD968ADD2D65BAF300C106BD /* SwiftMediaClient */;
			targetProxy = BD968AF12D65BAF400C106BD /* PBXContainerItemProxy */;
		};
		BD968AFC2D65BAF400C106BD /* PBXTargetDependency */ = {
			isa = PBXTargetDependency;
			target = BD968ADD2D65BAF300C106BD /* SwiftMediaClient */;
			targetProxy = BD968AFB2D65BAF400C106BD /* PBXContainerItemProxy */;
		};
/* End PBXTargetDependency section */

/* Begin XCBuildConfiguration section */
		BD968B022D65BAF400C106BD /* Debug */ = {
			isa = XCBuildConfiguration;
			buildSettings = {
				ALWAYS_SEARCH_USER_PATHS = NO;
				ASSETCATALOG_COMPILER_GENERATE_SWIFT_ASSET_SYMBOL_EXTENSIONS = YES;
				CLANG_ANALYZER_NONNULL = YES;
				CLANG_ANALYZER_NUMBER_OBJECT_CONVERSION = YES_AGGRESSIVE;
				CLANG_CXX_LANGUAGE_STANDARD = "gnu++20";
				CLANG_ENABLE_MODULES = YES;
				CLANG_ENABLE_OBJC_ARC = YES;
				CLANG_ENABLE_OBJC_WEAK = YES;
				CLANG_WARN_BLOCK_CAPTURE_AUTORELEASING = YES;
				CLANG_WARN_BOOL_CONVERSION = YES;
				CLANG_WARN_COMMA = YES;
				CLANG_WARN_CONSTANT_CONVERSION = YES;
				CLANG_WARN_DEPRECATED_OBJC_IMPLEMENTATIONS = YES;
				CLANG_WARN_DIRECT_OBJC_ISA_USAGE = YES_ERROR;
				CLANG_WARN_DOCUMENTATION_COMMENTS = YES;
				CLANG_WARN_EMPTY_BODY = YES;
				CLANG_WARN_ENUM_CONVERSION = YES;
				CLANG_WARN_INFINITE_RECURSION = YES;
				CLANG_WARN_INT_CONVERSION = YES;
				CLANG_WARN_NON_LITERAL_NULL_CONVERSION = YES;
				CLANG_WARN_OBJC_IMPLICIT_RETAIN_SELF = YES;
				CLANG_WARN_OBJC_LITERAL_CONVERSION = YES;
				CLANG_WARN_OBJC_ROOT_CLASS = YES_ERROR;
				CLANG_WARN_QUOTED_INCLUDE_IN_FRAMEWORK_HEADER = YES;
				CLANG_WARN_RANGE_LOOP_ANALYSIS = YES;
				CLANG_WARN_STRICT_PROTOTYPES = YES;
				CLANG_WARN_SUSPICIOUS_MOVE = YES;
				CLANG_WARN_UNGUARDED_AVAILABILITY = YES_AGGRESSIVE;
				CLANG_WARN_UNREACHABLE_CODE = YES;
				CLANG_WARN__DUPLICATE_METHOD_MATCH = YES;
				COPY_PHASE_STRIP = NO;
				DEBUG_INFORMATION_FORMAT = dwarf;
				ENABLE_STRICT_OBJC_MSGSEND = YES;
				ENABLE_TESTABILITY = YES;
				ENABLE_USER_SCRIPT_SANDBOXING = YES;
				GCC_C_LANGUAGE_STANDARD = gnu17;
				GCC_DYNAMIC_NO_PIC = NO;
				GCC_NO_COMMON_BLOCKS = YES;
				GCC_OPTIMIZATION_LEVEL = 0;
				GCC_PREPROCESSOR_DEFINITIONS = (
					"DEBUG=1",
					"$(inherited)",
				);
				GCC_WARN_64_TO_32_BIT_CONVERSION = YES;
				GCC_WARN_ABOUT_RETURN_TYPE = YES_ERROR;
				GCC_WARN_UNDECLARED_SELECTOR = YES;
				GCC_WARN_UNINITIALIZED_AUTOS = YES_AGGRESSIVE;
				GCC_WARN_UNUSED_FUNCTION = YES;
				GCC_WARN_UNUSED_VARIABLE = YES;
				IPHONEOS_DEPLOYMENT_TARGET = 18.2;
				LOCALIZATION_PREFERS_STRING_CATALOGS = YES;
				MTL_ENABLE_DEBUG_INFO = INCLUDE_SOURCE;
				MTL_FAST_MATH = YES;
				ONLY_ACTIVE_ARCH = YES;
				SDKROOT = iphoneos;
				SWIFT_ACTIVE_COMPILATION_CONDITIONS = "DEBUG $(inherited)";
				SWIFT_OPTIMIZATION_LEVEL = "-Onone";
			};
			name = Debug;
		};
		BD968B032D65BAF400C106BD /* Release */ = {
			isa = XCBuildConfiguration;
			buildSettings = {
				ALWAYS_SEARCH_USER_PATHS = NO;
				ASSETCATALOG_COMPILER_GENERATE_SWIFT_ASSET_SYMBOL_EXTENSIONS = YES;
				CLANG_ANALYZER_NONNULL = YES;
				CLANG_ANALYZER_NUMBER_OBJECT_CONVERSION = YES_AGGRESSIVE;
				CLANG_CXX_LANGUAGE_STANDARD = "gnu++20";
				CLANG_ENABLE_MODULES = YES;
				CLANG_ENABLE_OBJC_ARC = YES;
				CLANG_ENABLE_OBJC_WEAK = YES;
				CLANG_WARN_BLOCK_CAPTURE_AUTORELEASING = YES;
				CLANG_WARN_BOOL_CONVERSION = YES;
				CLANG_WARN_COMMA = YES;
				CLANG_WARN_CONSTANT_CONVERSION = YES;
				CLANG_WARN_DEPRECATED_OBJC_IMPLEMENTATIONS = YES;
				CLANG_WARN_DIRECT_OBJC_ISA_USAGE = YES_ERROR;
				CLANG_WARN_DOCUMENTATION_COMMENTS = YES;
				CLANG_WARN_EMPTY_BODY = YES;
				CLANG_WARN_ENUM_CONVERSION = YES;
				CLANG_WARN_INFINITE_RECURSION = YES;
				CLANG_WARN_INT_CONVERSION = YES;
				CLANG_WARN_NON_LITERAL_NULL_CONVERSION = YES;
				CLANG_WARN_OBJC_IMPLICIT_RETAIN_SELF = YES;
				CLANG_WARN_OBJC_LITERAL_CONVERSION = YES;
				CLANG_WARN_OBJC_ROOT_CLASS = YES_ERROR;
				CLANG_WARN_QUOTED_INCLUDE_IN_FRAMEWORK_HEADER = YES;
				CLANG_WARN_RANGE_LOOP_ANALYSIS = YES;
				CLANG_WARN_STRICT_PROTOTYPES = YES;
				CLANG_WARN_SUSPICIOUS_MOVE = YES;
				CLANG_WARN_UNGUARDED_AVAILABILITY = YES_AGGRESSIVE;
				CLANG_WARN_UNREACHABLE_CODE = YES;
				CLANG_WARN__DUPLICATE_METHOD_MATCH = YES;
				COPY_PHASE_STRIP = NO;
				DEBUG_INFORMATION_FORMAT = "dwarf-with-dsym";
				ENABLE_NS_ASSERTIONS = NO;
				ENABLE_STRICT_OBJC_MSGSEND = YES;
				ENABLE_USER_SCRIPT_SANDBOXING = YES;
				GCC_C_LANGUAGE_STANDARD = gnu17;
				GCC_NO_COMMON_BLOCKS = YES;
				GCC_WARN_64_TO_32_BIT_CONVERSION = YES;
				GCC_WARN_ABOUT_RETURN_TYPE = YES_ERROR;
				GCC_WARN_UNDECLARED_SELECTOR = YES;
				GCC_WARN_UNINITIALIZED_AUTOS = YES_AGGRESSIVE;
				GCC_WARN_UNUSED_FUNCTION = YES;
				GCC_WARN_UNUSED_VARIABLE = YES;
				IPHONEOS_DEPLOYMENT_TARGET = 18.2;
				LOCALIZATION_PREFERS_STRING_CATALOGS = YES;
				MTL_ENABLE_DEBUG_INFO = NO;
				MTL_FAST_MATH = YES;
				SDKROOT = iphoneos;
				SWIFT_COMPILATION_MODE = wholemodule;
				VALIDATE_PRODUCT = YES;
			};
			name = Release;
		};
		BD968B052D65BAF400C106BD /* Debug */ = {
			isa = XCBuildConfiguration;
			buildSettings = {
				ASSETCATALOG_COMPILER_APPICON_NAME = AppIcon;
				ASSETCATALOG_COMPILER_GLOBAL_ACCENT_COLOR_NAME = AccentColor;
				CODE_SIGN_STYLE = Automatic;
				CURRENT_PROJECT_VERSION = 1;
				DEVELOPMENT_ASSET_PATHS = "\"SwiftMediaClient/Preview Content\"";
				DEVELOPMENT_TEAM = UV8PB592RB;
				ENABLE_PREVIEWS = YES;
				GENERATE_INFOPLIST_FILE = YES;
				INFOPLIST_KEY_UIApplicationSceneManifest_Generation = YES;
				INFOPLIST_KEY_UIApplicationSupportsIndirectInputEvents = YES;
				INFOPLIST_KEY_UILaunchScreen_Generation = YES;
				INFOPLIST_KEY_UISupportedInterfaceOrientations_iPad = "UIInterfaceOrientationPortrait UIInterfaceOrientationPortraitUpsideDown UIInterfaceOrientationLandscapeLeft UIInterfaceOrientationLandscapeRight";
				INFOPLIST_KEY_UISupportedInterfaceOrientations_iPhone = "UIInterfaceOrientationPortrait UIInterfaceOrientationLandscapeLeft UIInterfaceOrientationLandscapeRight";
				LD_RUNPATH_SEARCH_PATHS = (
					"$(inherited)",
					"@executable_path/Frameworks",
				);
				MARKETING_VERSION = 1.0;
				PRODUCT_BUNDLE_IDENTIFIER = com.amoha.SwiftMediaClient;
				PRODUCT_NAME = "$(TARGET_NAME)";
				SWIFT_EMIT_LOC_STRINGS = YES;
				SWIFT_VERSION = 5.0;
				TARGETED_DEVICE_FAMILY = "1,2";
			};
			name = Debug;
		};
		BD968B062D65BAF400C106BD /* Release */ = {
			isa = XCBuildConfiguration;
			buildSettings = {
				ASSETCATALOG_COMPILER_APPICON_NAME = AppIcon;
				ASSETCATALOG_COMPILER_GLOBAL_ACCENT_COLOR_NAME = AccentColor;
				CODE_SIGN_STYLE = Automatic;
				CURRENT_PROJECT_VERSION = 1;
				DEVELOPMENT_ASSET_PATHS = "\"SwiftMediaClient/Preview Content\"";
				DEVELOPMENT_TEAM = UV8PB592RB;
				ENABLE_PREVIEWS = YES;
				GENERATE_INFOPLIST_FILE = YES;
				INFOPLIST_KEY_UIApplicationSceneManifest_Generation = YES;
				INFOPLIST_KEY_UIApplicationSupportsIndirectInputEvents = YES;
				INFOPLIST_KEY_UILaunchScreen_Generation = YES;
				INFOPLIST_KEY_UISupportedInterfaceOrientations_iPad = "UIInterfaceOrientationPortrait UIInterfaceOrientationPortraitUpsideDown UIInterfaceOrientationLandscapeLeft UIInterfaceOrientationLandscapeRight";
				INFOPLIST_KEY_UISupportedInterfaceOrientations_iPhone = "UIInterfaceOrientationPortrait UIInterfaceOrientationLandscapeLeft UIInterfaceOrientationLandscapeRight";
				LD_RUNPATH_SEARCH_PATHS = (
					"$(inherited)",
					"@executable_path/Frameworks",
				);
				MARKETING_VERSION = 1.0;
				PRODUCT_BUNDLE_IDENTIFIER = com.amoha.SwiftMediaClient;
				PRODUCT_NAME = "$(TARGET_NAME)";
				SWIFT_EMIT_LOC_STRINGS = YES;
				SWIFT_VERSION = 5.0;
				TARGETED_DEVICE_FAMILY = "1,2";
			};
			name = Release;
		};
		BD968B082D65BAF400C106BD /* Debug */ = {
			isa = XCBuildConfiguration;
			buildSettings = {
				BUNDLE_LOADER = "$(TEST_HOST)";
				CODE_SIGN_STYLE = Automatic;
				CURRENT_PROJECT_VERSION = 1;
				DEVELOPMENT_TEAM = UV8PB592RB;
				GENERATE_INFOPLIST_FILE = YES;
				IPHONEOS_DEPLOYMENT_TARGET = 18.2;
				MARKETING_VERSION = 1.0;
				PRODUCT_BUNDLE_IDENTIFIER = com.amoha.SwiftMediaClientTests;
				PRODUCT_NAME = "$(TARGET_NAME)";
				SWIFT_EMIT_LOC_STRINGS = NO;
				SWIFT_VERSION = 5.0;
				TARGETED_DEVICE_FAMILY = "1,2";
				TEST_HOST = "$(BUILT_PRODUCTS_DIR)/SwiftMediaClient.app/$(BUNDLE_EXECUTABLE_FOLDER_PATH)/SwiftMediaClient";
			};
			name = Debug;
		};
		BD968B092D65BAF400C106BD /* Release */ = {
			isa = XCBuildConfiguration;
			buildSettings = {
				BUNDLE_LOADER = "$(TEST_HOST)";
				CODE_SIGN_STYLE = Automatic;
				CURRENT_PROJECT_VERSION = 1;
				DEVELOPMENT_TEAM = UV8PB592RB;
				GENERATE_INFOPLIST_FILE = YES;
				IPHONEOS_DEPLOYMENT_TARGET = 18.2;
				MARKETING_VERSION = 1.0;
				PRODUCT_BUNDLE_IDENTIFIER = com.amoha.SwiftMediaClientTests;
				PRODUCT_NAME = "$(TARGET_NAME)";
				SWIFT_EMIT_LOC_STRINGS = NO;
				SWIFT_VERSION = 5.0;
				TARGETED_DEVICE_FAMILY = "1,2";
				TEST_HOST = "$(BUILT_PRODUCTS_DIR)/SwiftMediaClient.app/$(BUNDLE_EXECUTABLE_FOLDER_PATH)/SwiftMediaClient";
			};
			name = Release;
		};
		BD968B0B2D65BAF400C106BD /* Debug */ = {
			isa = XCBuildConfiguration;
			buildSettings = {
				CODE_SIGN_STYLE = Automatic;
				CURRENT_PROJECT_VERSION = 1;
				DEVELOPMENT_TEAM = UV8PB592RB;
				GENERATE_INFOPLIST_FILE = YES;
				MARKETING_VERSION = 1.0;
				PRODUCT_BUNDLE_IDENTIFIER = com.amoha.SwiftMediaClientUITests;
				PRODUCT_NAME = "$(TARGET_NAME)";
				SWIFT_EMIT_LOC_STRINGS = NO;
				SWIFT_VERSION = 5.0;
				TARGETED_DEVICE_FAMILY = "1,2";
				TEST_TARGET_NAME = SwiftMediaClient;
			};
			name = Debug;
		};
		BD968B0C2D65BAF400C106BD /* Release */ = {
			isa = XCBuildConfiguration;
			buildSettings = {
				CODE_SIGN_STYLE = Automatic;
				CURRENT_PROJECT_VERSION = 1;
				DEVELOPMENT_TEAM = UV8PB592RB;
				GENERATE_INFOPLIST_FILE = YES;
				MARKETING_VERSION = 1.0;
				PRODUCT_BUNDLE_IDENTIFIER = com.amoha.SwiftMediaClientUITests;
				PRODUCT_NAME = "$(TARGET_NAME)";
				SWIFT_EMIT_LOC_STRINGS = NO;
				SWIFT_VERSION = 5.0;
				TARGETED_DEVICE_FAMILY = "1,2";
				TEST_TARGET_NAME = SwiftMediaClient;
			};
			name = Release;
		};
/* End XCBuildConfiguration section */

/* Begin XCConfigurationList section */
		BD968AD92D65BAF300C106BD /* Build configuration list for PBXProject "SwiftMediaClient" */ = {
			isa = XCConfigurationList;
			buildConfigurations = (
				BD968B022D65BAF400C106BD /* Debug */,
				BD968B032D65BAF400C106BD /* Release */,
			);
			defaultConfigurationIsVisible = 0;
			defaultConfigurationName = Release;
		};
		BD968B042D65BAF400C106BD /* Build configuration list for PBXNativeTarget "SwiftMediaClient" */ = {
			isa = XCConfigurationList;
			buildConfigurations = (
				BD968B052D65BAF400C106BD /* Debug */,
				BD968B062D65BAF400C106BD /* Release */,
			);
			defaultConfigurationIsVisible = 0;
			defaultConfigurationName = Release;
		};
		BD968B072D65BAF400C106BD /* Build configuration list for PBXNativeTarget "SwiftMediaClientTests" */ = {
			isa = XCConfigurationList;
			buildConfigurations = (
				BD968B082D65BAF400C106BD /* Debug */,
				BD968B092D65BAF400C106BD /* Release */,
			);
			defaultConfigurationIsVisible = 0;
			defaultConfigurationName = Release;
		};
		BD968B0A2D65BAF400C106BD /* Build configuration list for PBXNativeTarget "SwiftMediaClientUITests" */ = {
			isa = XCConfigurationList;
			buildConfigurations = (
				BD968B0B2D65BAF400C106BD /* Debug */,
				BD968B0C2D65BAF400C106BD /* Release */,
			);
			defaultConfigurationIsVisible = 0;
			defaultConfigurationName = Release;
		};
/* End XCConfigurationList section */
	};
	rootObject = BD968AD62D65BAF300C106BD /* Project object */;
}
